
Microsoft Visual Studio Solution File, Format Version 12.00
# Visual Studio Version 16
VisualStudioVersion = 16.0.29326.143
MinimumVisualStudioVersion = 10.0.40219.1
Project("{2150E333-8FDC-42A3-9474-1A3956D46DE8}") = "1.1.App", "1.1.App", "{201C8858-CB08-417A-9D5F-1399F3D35780}"
EndProject
Project("{2150E333-8FDC-42A3-9474-1A3956D46DE8}") = "1.3.API", "1.3.API", "{49CBC1BF-EADB-47F3-AA18-C1966AD82B2B}"
EndProject
Project("{2150E333-8FDC-42A3-9474-1A3956D46DE8}") = "1.Presentation", "1.Presentation", "{2901A465-13D8-469B-8670-0E8A6A5F428C}"
EndProject
Project("{2150E333-8FDC-42A3-9474-1A3956D46DE8}") = "1.2.Mvc", "1.2.Mvc", "{A04D8CB5-6F5E-4254-89E6-2DD7407BD4A7}"
EndProject
Project("{2150E333-8FDC-42A3-9474-1A3956D46DE8}") = "2.Application", "2.Application", "{DE5E7D08-AFB4-400A-AB1A-AC97481CD397}"
EndProject
Project("{2150E333-8FDC-42A3-9474-1A3956D46DE8}") = "3.Domain", "3.Domain", "{D0B1F13D-2586-4F65-804D-1B9E3725C373}"
EndProject
Project("{2150E333-8FDC-42A3-9474-1A3956D46DE8}") = "4.Infra", "4.Infra", "{1A7B858A-15D2-4F02-9506-F97200E8330B}"
EndProject
Project("{2150E333-8FDC-42A3-9474-1A3956D46DE8}") = "4.1.Data", "4.1.Data", "{C27F3BDE-32A4-4DF5-8B0F-3D1A6B3D6ECA}"
EndProject
Project("{2150E333-8FDC-42A3-9474-1A3956D46DE8}") = "4.2.EntityMap", "4.2.EntityMap", "{DAA5100E-095F-42AB-90FA-78BC48344927}"
EndProject
Project("{2150E333-8FDC-42A3-9474-1A3956D46DE8}") = "4.3.CrossCutting", "4.3.CrossCutting", "{BA584BD9-FBE0-45BF-A629-56D4EB2F214D}"
EndProject
Project("{2150E333-8FDC-42A3-9474-1A3956D46DE8}") = "5.Repository", "5.Repository", "{29E54463-CD5D-4268-8394-1F27BA6F2251}"
EndProject
Project("{9A19103F-16F7-4668-BE54-9A1E7A4F7556}") = "Cooperchip.VTecVistoria.Domain", "src\Cooperchip.VTecVistoria.Domain\Cooperchip.VTecVistoria.Domain.csproj", "{81878133-1F81-4BDE-903B-DEBE79C7276B}"
EndProject
Project("{9A19103F-16F7-4668-BE54-9A1E7A4F7556}") = "Cooperchip.VTecVistoria.DomainCore", "src\Cooperchip.VTecVistoria.DomainCore\Cooperchip.VTecVistoria.DomainCore.csproj", "{78E64526-4213-4713-92DF-A1490D749366}"
EndProject
Project("{2150E333-8FDC-42A3-9474-1A3956D46DE8}") = "6.ConsoleApps", "6.ConsoleApps", "{DA0C60C4-0A60-4096-8D73-8279AB23ECB6}"
EndProject
Project("{9A19103F-16F7-4668-BE54-9A1E7A4F7556}") = "Cooperchip.VTecVistoria.ConsoleApps", "src\Cooperchip.VTecVistoria\Cooperchip.VTecVistoria.ConsoleApps.csproj", "{E98B3707-20FA-4E4B-96E9-E3981DBFEFB4}"
EndProject
Project("{9A19103F-16F7-4668-BE54-9A1E7A4F7556}") = "Cooperchip.Vtec.Mvc", "src\Cooperchip.Vtec.Mvc\Cooperchip.Vtec.Mvc.csproj", "{7B9A650A-5320-4D94-B3BA-5B5C8A373B48}"
EndProject
Global
	GlobalSection(SolutionConfigurationPlatforms) = preSolution
		Debug|Any CPU = Debug|Any CPU
		Release|Any CPU = Release|Any CPU
	EndGlobalSection
	GlobalSection(ProjectConfigurationPlatforms) = postSolution
		{81878133-1F81-4BDE-903B-DEBE79C7276B}.Debug|Any CPU.ActiveCfg = Debug|Any CPU
		{81878133-1F81-4BDE-903B-DEBE79C7276B}.Debug|Any CPU.Build.0 = Debug|Any CPU
		{81878133-1F81-4BDE-903B-DEBE79C7276B}.Release|Any CPU.ActiveCfg = Release|Any CPU
		{81878133-1F81-4BDE-903B-DEBE79C7276B}.Release|Any CPU.Build.0 = Release|Any CPU
		{78E64526-4213-4713-92DF-A1490D749366}.Debug|Any CPU.ActiveCfg = Debug|Any CPU
		{78E64526-4213-4713-92DF-A1490D749366}.Debug|Any CPU.Build.0 = Debug|Any CPU
		{78E64526-4213-4713-92DF-A1490D749366}.Release|Any CPU.ActiveCfg = Release|Any CPU
		{78E64526-4213-4713-92DF-A1490D749366}.Release|Any CPU.Build.0 = Release|Any CPU
		{E98B3707-20FA-4E4B-96E9-E3981DBFEFB4}.Debug|Any CPU.ActiveCfg = Debug|Any CPU
		{E98B3707-20FA-4E4B-96E9-E3981DBFEFB4}.Debug|Any CPU.Build.0 = Debug|Any CPU
		{E98B3707-20FA-4E4B-96E9-E3981DBFEFB4}.Release|Any CPU.ActiveCfg = Release|Any CPU
		{E98B3707-20FA-4E4B-96E9-E3981DBFEFB4}.Release|Any CPU.Build.0 = Release|Any CPU
		{7B9A650A-5320-4D94-B3BA-5B5C8A373B48}.Debug|Any CPU.ActiveCfg = Debug|Any CPU
		{7B9A650A-5320-4D94-B3BA-5B5C8A373B48}.Debug|Any CPU.Build.0 = Debug|Any CPU
		{7B9A650A-5320-4D94-B3BA-5B5C8A373B48}.Release|Any CPU.ActiveCfg = Release|Any CPU
		{7B9A650A-5320-4D94-B3BA-5B5C8A373B48}.Release|Any CPU.Build.0 = Release|Any CPU
	EndGlobalSection
	GlobalSection(SolutionProperties) = preSolution
		HideSolutionNode = FALSE
	EndGlobalSection
	GlobalSection(NestedProjects) = preSolution
		{201C8858-CB08-417A-9D5F-1399F3D35780} = {2901A465-13D8-469B-8670-0E8A6A5F428C}
		{49CBC1BF-EADB-47F3-AA18-C1966AD82B2B} = {2901A465-13D8-469B-8670-0E8A6A5F428C}
		{A04D8CB5-6F5E-4254-89E6-2DD7407BD4A7} = {2901A465-13D8-469B-8670-0E8A6A5F428C}
		{C27F3BDE-32A4-4DF5-8B0F-3D1A6B3D6ECA} = {1A7B858A-15D2-4F02-9506-F97200E8330B}
		{DAA5100E-095F-42AB-90FA-78BC48344927} = {1A7B858A-15D2-4F02-9506-F97200E8330B}
		{BA584BD9-FBE0-45BF-A629-56D4EB2F214D} = {1A7B858A-15D2-4F02-9506-F97200E8330B}
		{81878133-1F81-4BDE-903B-DEBE79C7276B} = {D0B1F13D-2586-4F65-804D-1B9E3725C373}
		{78E64526-4213-4713-92DF-A1490D749366} = {D0B1F13D-2586-4F65-804D-1B9E3725C373}
		{E98B3707-20FA-4E4B-96E9-E3981DBFEFB4} = {DA0C60C4-0A60-4096-8D73-8279AB23ECB6}
		{7B9A650A-5320-4D94-B3BA-5B5C8A373B48} = {A04D8CB5-6F5E-4254-89E6-2DD7407BD4A7}
	EndGlobalSection
	GlobalSection(ExtensibilityGlobals) = postSolution
		SolutionGuid = {89988819-31F1-433B-B2F7-26E5A98E6671}
	EndGlobalSection
EndGlobal
